
Microsoft Visual Studio Solution File, Format Version 12.00
# Visual Studio 15
VisualStudioVersion = 15.0.27703.2000
MinimumVisualStudioVersion = 10.0.40219.1
Project("{FAE04EC0-301F-11D3-BF4B-00C04F79EFBC}") = "PushUpApp.Android", "PushUpApp\PushUpApp.Android\PushUpApp.Android.csproj", "{74F467E2-F8EE-403E-AB5F-88E81140A9DE}"
EndProject
Project("{FAE04EC0-301F-11D3-BF4B-00C04F79EFBC}") = "PushUpApp.iOS", "PushUpApp\PushUpApp.iOS\PushUpApp.iOS.csproj", "{7F702FDF-2ED4-4D07-8301-E6519D46F4C7}"
EndProject
Project("{FAE04EC0-301F-11D3-BF4B-00C04F79EFBC}") = "PushUpApp", "PushUpApp\PushUpApp\PushUpApp.csproj", "{BB9B6B39-9EB5-4048-9705-E23B78A7DF97}"
EndProject
Global
	GlobalSection(SolutionConfigurationPlatforms) = preSolution
		Ad-Hoc|Any CPU = Ad-Hoc|Any CPU
		Ad-Hoc|iPhone = Ad-Hoc|iPhone
		Ad-Hoc|iPhoneSimulator = Ad-Hoc|iPhoneSimulator
		AppStore|Any CPU = AppStore|Any CPU
		AppStore|iPhone = AppStore|iPhone
		AppStore|iPhoneSimulator = AppStore|iPhoneSimulator
		Debug|Any CPU = Debug|Any CPU
		Debug|iPhone = Debug|iPhone
		Debug|iPhoneSimulator = Debug|iPhoneSimulator
		Release|Any CPU = Release|Any CPU
		Release|iPhone = Release|iPhone
		Release|iPhoneSimulator = Release|iPhoneSimulator
	EndGlobalSection
	GlobalSection(ProjectConfigurationPlatforms) = postSolution
		{74F467E2-F8EE-403E-AB5F-88E81140A9DE}.Ad-Hoc|Any CPU.ActiveCfg = Release|Any CPU
		{74F467E2-F8EE-403E-AB5F-88E81140A9DE}.Ad-Hoc|Any CPU.Build.0 = Release|Any CPU
		{74F467E2-F8EE-403E-AB5F-88E81140A9DE}.Ad-Hoc|Any CPU.Deploy.0 = Release|Any CPU
		{74F467E2-F8EE-403E-AB5F-88E81140A9DE}.Ad-Hoc|iPhone.ActiveCfg = Release|Any CPU
		{74F467E2-F8EE-403E-AB5F-88E81140A9DE}.Ad-Hoc|iPhone.Build.0 = Release|Any CPU
		{74F467E2-F8EE-403E-AB5F-88E81140A9DE}.Ad-Hoc|iPhone.Deploy.0 = Release|Any CPU
		{74F467E2-F8EE-403E-AB5F-88E81140A9DE}.Ad-Hoc|iPhoneSimulator.ActiveCfg = Release|Any CPU
		{74F467E2-F8EE-403E-AB5F-88E81140A9DE}.Ad-Hoc|iPhoneSimulator.Build.0 = Release|Any CPU
		{74F467E2-F8EE-403E-AB5F-88E81140A9DE}.Ad-Hoc|iPhoneSimulator.Deploy.0 = Release|Any CPU
		{74F467E2-F8EE-403E-AB5F-88E81140A9DE}.AppStore|Any CPU.ActiveCfg = Release|Any CPU
		{74F467E2-F8EE-403E-AB5F-88E81140A9DE}.AppStore|Any CPU.Build.0 = Release|Any CPU
		{74F467E2-F8EE-403E-AB5F-88E81140A9DE}.AppStore|Any CPU.Deploy.0 = Release|Any CPU
		{74F467E2-F8EE-403E-AB5F-88E81140A9DE}.AppStore|iPhone.ActiveCfg = Release|Any CPU
		{74F467E2-F8EE-403E-AB5F-88E81140A9DE}.AppStore|iPhone.Build.0 = Release|Any CPU
		{74F467E2-F8EE-403E-AB5F-88E81140A9DE}.AppStore|iPhone.Deploy.0 = Release|Any CPU
		{74F467E2-F8EE-403E-AB5F-88E81140A9DE}.AppStore|iPhoneSimulator.ActiveCfg = Release|Any CPU
		{74F467E2-F8EE-403E-AB5F-88E81140A9DE}.AppStore|iPhoneSimulator.Build.0 = Release|Any CPU
		{74F467E2-F8EE-403E-AB5F-88E81140A9DE}.AppStore|iPhoneSimulator.Deploy.0 = Release|Any CPU
		{74F467E2-F8EE-403E-AB5F-88E81140A9DE}.Debug|Any CPU.ActiveCfg = Debug|Any CPU
		{74F467E2-F8EE-403E-AB5F-88E81140A9DE}.Debug|Any CPU.Build.0 = Debug|Any CPU
		{74F467E2-F8EE-403E-AB5F-88E81140A9DE}.Debug|Any CPU.Deploy.0 = Debug|Any CPU
		{74F467E2-F8EE-403E-AB5F-88E81140A9DE}.Debug|iPhone.ActiveCfg = Debug|Any CPU
		{74F467E2-F8EE-403E-AB5F-88E81140A9DE}.Debug|iPhone.Build.0 = Debug|Any CPU
		{74F467E2-F8EE-403E-AB5F-88E81140A9DE}.Debug|iPhone.Deploy.0 = Debug|Any CPU
		{74F467E2-F8EE-403E-AB5F-88E81140A9DE}.Debug|iPhoneSimulator.ActiveCfg = Debug|Any CPU
		{74F467E2-F8EE-403E-AB5F-88E81140A9DE}.Debug|iPhoneSimulator.Build.0 = Debug|Any CPU
		{74F467E2-F8EE-403E-AB5F-88E81140A9DE}.Debug|iPhoneSimulator.Deploy.0 = Debug|Any CPU
		{74F467E2-F8EE-403E-AB5F-88E81140A9DE}.Release|Any CPU.ActiveCfg = Release|Any CPU
		{74F467E2-F8EE-403E-AB5F-88E81140A9DE}.Release|Any CPU.Build.0 = Release|Any CPU
		{74F467E2-F8EE-403E-AB5F-88E81140A9DE}.Release|Any CPU.Deploy.0 = Release|Any CPU
		{74F467E2-F8EE-403E-AB5F-88E81140A9DE}.Release|iPhone.ActiveCfg = Release|Any CPU
		{74F467E2-F8EE-403E-AB5F-88E81140A9DE}.Release|iPhone.Build.0 = Release|Any CPU
		{74F467E2-F8EE-403E-AB5F-88E81140A9DE}.Release|iPhone.Deploy.0 = Release|Any CPU
		{74F467E2-F8EE-403E-AB5F-88E81140A9DE}.Release|iPhoneSimulator.ActiveCfg = Release|Any CPU
		{74F467E2-F8EE-403E-AB5F-88E81140A9DE}.Release|iPhoneSimulator.Build.0 = Release|Any CPU
		{74F467E2-F8EE-403E-AB5F-88E81140A9DE}.Release|iPhoneSimulator.Deploy.0 = Release|Any CPU
		{7F702FDF-2ED4-4D07-8301-E6519D46F4C7}.Ad-Hoc|Any CPU.ActiveCfg = Ad-Hoc|iPhone
		{7F702FDF-2ED4-4D07-8301-E6519D46F4C7}.Ad-Hoc|Any CPU.Build.0 = Ad-Hoc|iPhone
		{7F702FDF-2ED4-4D07-8301-E6519D46F4C7}.Ad-Hoc|Any CPU.Deploy.0 = Ad-Hoc|iPhone
		{7F702FDF-2ED4-4D07-8301-E6519D46F4C7}.Ad-Hoc|iPhone.ActiveCfg = Ad-Hoc|iPhone
		{7F702FDF-2ED4-4D07-8301-E6519D46F4C7}.Ad-Hoc|iPhone.Build.0 = Ad-Hoc|iPhone
		{7F702FDF-2ED4-4D07-8301-E6519D46F4C7}.Ad-Hoc|iPhone.Deploy.0 = Ad-Hoc|iPhone
		{7F702FDF-2ED4-4D07-8301-E6519D46F4C7}.Ad-Hoc|iPhoneSimulator.ActiveCfg = Ad-Hoc|iPhoneSimulator
		{7F702FDF-2ED4-4D07-8301-E6519D46F4C7}.Ad-Hoc|iPhoneSimulator.Build.0 = Ad-Hoc|iPhoneSimulator
		{7F702FDF-2ED4-4D07-8301-E6519D46F4C7}.Ad-Hoc|iPhoneSimulator.Deploy.0 = Ad-Hoc|iPhoneSimulator
		{7F702FDF-2ED4-4D07-8301-E6519D46F4C7}.AppStore|Any CPU.ActiveCfg = AppStore|iPhone
		{7F702FDF-2ED4-4D07-8301-E6519D46F4C7}.AppStore|Any CPU.Build.0 = AppStore|iPhone
		{7F702FDF-2ED4-4D07-8301-E6519D46F4C7}.AppStore|Any CPU.Deploy.0 = AppStore|iPhone
		{7F702FDF-2ED4-4D07-8301-E6519D46F4C7}.AppStore|iPhone.ActiveCfg = AppStore|iPhone
		{7F702FDF-2ED4-4D07-8301-E6519D46F4C7}.AppStore|iPhone.Build.0 = AppStore|iPhone
		{7F702FDF-2ED4-4D07-8301-E6519D46F4C7}.AppStore|iPhone.Deploy.0 = AppStore|iPhone
		{7F702FDF-2ED4-4D07-8301-E6519D46F4C7}.AppStore|iPhoneSimulator.ActiveCfg = AppStore|iPhoneSimulator
		{7F702FDF-2ED4-4D07-8301-E6519D46F4C7}.AppStore|iPhoneSimulator.Build.0 = AppStore|iPhoneSimulator
		{7F702FDF-2ED4-4D07-8301-E6519D46F4C7}.AppStore|iPhoneSimulator.Deploy.0 = AppStore|iPhoneSimulator
		{7F702FDF-2ED4-4D07-8301-E6519D46F4C7}.Debug|Any CPU.ActiveCfg = Debug|iPhoneSimulator
		{7F702FDF-2ED4-4D07-8301-E6519D46F4C7}.Debug|Any CPU.Build.0 = Debug|iPhoneSimulator
		{7F702FDF-2ED4-4D07-8301-E6519D46F4C7}.Debug|Any CPU.Deploy.0 = Debug|iPhoneSimulator
		{7F702FDF-2ED4-4D07-8301-E6519D46F4C7}.Debug|iPhone.ActiveCfg = Debug|iPhone
		{7F702FDF-2ED4-4D07-8301-E6519D46F4C7}.Debug|iPhone.Build.0 = Debug|iPhone
		{7F702FDF-2ED4-4D07-8301-E6519D46F4C7}.Debug|iPhone.Deploy.0 = Debug|iPhone
		{7F702FDF-2ED4-4D07-8301-E6519D46F4C7}.Debug|iPhoneSimulator.ActiveCfg = Debug|iPhoneSimulator
		{7F702FDF-2ED4-4D07-8301-E6519D46F4C7}.Debug|iPhoneSimulator.Build.0 = Debug|iPhoneSimulator
		{7F702FDF-2ED4-4D07-8301-E6519D46F4C7}.Debug|iPhoneSimulator.Deploy.0 = Debug|iPhoneSimulator
		{7F702FDF-2ED4-4D07-8301-E6519D46F4C7}.Release|Any CPU.ActiveCfg = Release|iPhone
		{7F702FDF-2ED4-4D07-8301-E6519D46F4C7}.Release|Any CPU.Build.0 = Release|iPhone
		{7F702FDF-2ED4-4D07-8301-E6519D46F4C7}.Release|Any CPU.Deploy.0 = Release|iPhone
		{7F702FDF-2ED4-4D07-8301-E6519D46F4C7}.Release|iPhone.ActiveCfg = Release|iPhone
		{7F702FDF-2ED4-4D07-8301-E6519D46F4C7}.Release|iPhone.Build.0 = Release|iPhone
		{7F702FDF-2ED4-4D07-8301-E6519D46F4C7}.Release|iPhone.Deploy.0 = Release|iPhone
		{7F702FDF-2ED4-4D07-8301-E6519D46F4C7}.Release|iPhoneSimulator.ActiveCfg = Release|iPhoneSimulator
		{7F702FDF-2ED4-4D07-8301-E6519D46F4C7}.Release|iPhoneSimulator.Build.0 = Release|iPhoneSimulator
		{7F702FDF-2ED4-4D07-8301-E6519D46F4C7}.Release|iPhoneSimulator.Deploy.0 = Release|iPhoneSimulator
		{BB9B6B39-9EB5-4048-9705-E23B78A7DF97}.Ad-Hoc|Any CPU.ActiveCfg = Debug|Any CPU
		{BB9B6B39-9EB5-4048-9705-E23B78A7DF97}.Ad-Hoc|Any CPU.Build.0 = Debug|Any CPU
		{BB9B6B39-9EB5-4048-9705-E23B78A7DF97}.Ad-Hoc|Any CPU.Deploy.0 = Debug|Any CPU
		{BB9B6B39-9EB5-4048-9705-E23B78A7DF97}.Ad-Hoc|iPhone.ActiveCfg = Debug|Any CPU
		{BB9B6B39-9EB5-4048-9705-E23B78A7DF97}.Ad-Hoc|iPhone.Build.0 = Debug|Any CPU
		{BB9B6B39-9EB5-4048-9705-E23B78A7DF97}.Ad-Hoc|iPhone.Deploy.0 = Debug|Any CPU
		{BB9B6B39-9EB5-4048-9705-E23B78A7DF97}.Ad-Hoc|iPhoneSimulator.ActiveCfg = Debug|Any CPU
		{BB9B6B39-9EB5-4048-9705-E23B78A7DF97}.Ad-Hoc|iPhoneSimulator.Build.0 = Debug|Any CPU
		{BB9B6B39-9EB5-4048-9705-E23B78A7DF97}.Ad-Hoc|iPhoneSimulator.Deploy.0 = Debug|Any CPU
		{BB9B6B39-9EB5-4048-9705-E23B78A7DF97}.AppStore|Any CPU.ActiveCfg = Debug|Any CPU
		{BB9B6B39-9EB5-4048-9705-E23B78A7DF97}.AppStore|Any CPU.Build.0 = Debug|Any CPU
		{BB9B6B39-9EB5-4048-9705-E23B78A7DF97}.AppStore|Any CPU.Deploy.0 = Debug|Any CPU
		{BB9B6B39-9EB5-4048-9705-E23B78A7DF97}.AppStore|iPhone.ActiveCfg = Debug|Any CPU
		{BB9B6B39-9EB5-4048-9705-E23B78A7DF97}.AppStore|iPhone.Build.0 = Debug|Any CPU
		{BB9B6B39-9EB5-4048-9705-E23B78A7DF97}.AppStore|iPhone.Deploy.0 = Debug|Any CPU
		{BB9B6B39-9EB5-4048-9705-E23B78A7DF97}.AppStore|iPhoneSimulator.ActiveCfg = Debug|Any CPU
		{BB9B6B39-9EB5-4048-9705-E23B78A7DF97}.AppStore|iPhoneSimulator.Build.0 = Debug|Any CPU
		{BB9B6B39-9EB5-4048-9705-E23B78A7DF97}.AppStore|iPhoneSimulator.Deploy.0 = Debug|Any CPU
		{BB9B6B39-9EB5-4048-9705-E23B78A7DF97}.Debug|Any CPU.ActiveCfg = Debug|Any CPU
		{BB9B6B39-9EB5-4048-9705-E23B78A7DF97}.Debug|Any CPU.Build.0 = Debug|Any CPU
		{BB9B6B39-9EB5-4048-9705-E23B78A7DF97}.Debug|Any CPU.Deploy.0 = Debug|Any CPU
		{BB9B6B39-9EB5-4048-9705-E23B78A7DF97}.Debug|iPhone.ActiveCfg = Debug|Any CPU
		{BB9B6B39-9EB5-4048-9705-E23B78A7DF97}.Debug|iPhone.Build.0 = Debug|Any CPU
		{BB9B6B39-9EB5-4048-9705-E23B78A7DF97}.Debug|iPhone.Deploy.0 = Debug|Any CPU
		{BB9B6B39-9EB5-4048-9705-E23B78A7DF97}.Debug|iPhoneSimulator.ActiveCfg = Debug|Any CPU
		{BB9B6B39-9EB5-4048-9705-E23B78A7DF97}.Debug|iPhoneSimulator.Build.0 = Debug|Any CPU
		{BB9B6B39-9EB5-4048-9705-E23B78A7DF97}.Debug|iPhoneSimulator.Deploy.0 = Debug|Any CPU
		{BB9B6B39-9EB5-4048-9705-E23B78A7DF97}.Release|Any CPU.ActiveCfg = Release|Any CPU
		{BB9B6B39-9EB5-4048-9705-E23B78A7DF97}.Release|Any CPU.Build.0 = Release|Any CPU
		{BB9B6B39-9EB5-4048-9705-E23B78A7DF97}.Release|Any CPU.Deploy.0 = Release|Any CPU
		{BB9B6B39-9EB5-4048-9705-E23B78A7DF97}.Release|iPhone.ActiveCfg = Release|Any CPU
		{BB9B6B39-9EB5-4048-9705-E23B78A7DF97}.Release|iPhone.Build.0 = Release|Any CPU
		{BB9B6B39-9EB5-4048-9705-E23B78A7DF97}.Release|iPhone.Deploy.0 = Release|Any CPU
		{BB9B6B39-9EB5-4048-9705-E23B78A7DF97}.Release|iPhoneSimulator.ActiveCfg = Release|Any CPU
		{BB9B6B39-9EB5-4048-9705-E23B78A7DF97}.Release|iPhoneSimulator.Build.0 = Release|Any CPU
		{BB9B6B39-9EB5-4048-9705-E23B78A7DF97}.Release|iPhoneSimulator.Deploy.0 = Release|Any CPU
	EndGlobalSection
	GlobalSection(SolutionProperties) = preSolution
		HideSolutionNode = FALSE
	EndGlobalSection
	GlobalSection(ExtensibilityGlobals) = postSolution
		SolutionGuid = {8F1485AB-6FD3-4B70-A053-84B4B81A2F28}
	EndGlobalSection
EndGlobal
